
Microsoft Visual Studio Solution File, Format Version 12.00
# Visual Studio 2012
Project("{FAE04EC0-301F-11D3-BF4B-00C04F79EFBC}") = "UnityVS.Perdidos en el laberinto.CSharp", "UnityVS.Perdidos en el laberinto.CSharp.csproj", "{EDE27459-125E-CA94-1AE0-5DBC5007120C}"
EndProject
Project("{FAE04EC0-301F-11D3-BF4B-00C04F79EFBC}") = "UnityVS.Perdidos en el laberinto.CSharp.Plugins", "UnityVS.Perdidos en el laberinto.CSharp.Plugins.csproj", "{8330C21A-C950-9E9B-5A75-5215E75C2A3C}"
EndProject
Global
	GlobalSection(SolutionConfigurationPlatforms) = preSolution
		Debug|Any CPU = Debug|Any CPU
		Release|Any CPU = Release|Any CPU
	EndGlobalSection
	GlobalSection(ProjectConfigurationPlatforms) = postSolution
		{EDE27459-125E-CA94-1AE0-5DBC5007120C}.Debug|Any CPU.ActiveCfg = Debug|Any CPU
		{EDE27459-125E-CA94-1AE0-5DBC5007120C}.Debug|Any CPU.Build.0 = Debug|Any CPU
		{EDE27459-125E-CA94-1AE0-5DBC5007120C}.Release|Any CPU.ActiveCfg = Release|Any CPU
		{EDE27459-125E-CA94-1AE0-5DBC5007120C}.Release|Any CPU.Build.0 = Release|Any CPU
		{8330C21A-C950-9E9B-5A75-5215E75C2A3C}.Debug|Any CPU.ActiveCfg = Debug|Any CPU
		{8330C21A-C950-9E9B-5A75-5215E75C2A3C}.Debug|Any CPU.Build.0 = Debug|Any CPU
		{8330C21A-C950-9E9B-5A75-5215E75C2A3C}.Release|Any CPU.ActiveCfg = Release|Any CPU
		{8330C21A-C950-9E9B-5A75-5215E75C2A3C}.Release|Any CPU.Build.0 = Release|Any CPU
	EndGlobalSection
	GlobalSection(SolutionProperties) = preSolution
		HideSolutionNode = FALSE
	EndGlobalSection
EndGlobal
