
Microsoft Visual Studio Solution File, Format Version 12.00
# Visual Studio 2012
Project("{FAE04EC0-301F-11D3-BF4B-00C04F79EFBC}") = "UnityVS.PerdidosEnElLAberinto.CSharp", "UnityVS.PerdidosEnElLAberinto.CSharp.csproj", "{C5C43CAF-920B-6798-CF49-46A6DFBF302F}"
EndProject
Project("{FAE04EC0-301F-11D3-BF4B-00C04F79EFBC}") = "UnityVS.PerdidosEnElLAberinto.CSharp.Plugins", "UnityVS.PerdidosEnElLAberinto.CSharp.Plugins.csproj", "{9AEB426D-213C-B172-8C48-1AAC2DDE8571}"
EndProject
Global
	GlobalSection(SolutionConfigurationPlatforms) = preSolution
		Debug|Any CPU = Debug|Any CPU
		Release|Any CPU = Release|Any CPU
	EndGlobalSection
	GlobalSection(ProjectConfigurationPlatforms) = postSolution
		{C5C43CAF-920B-6798-CF49-46A6DFBF302F}.Debug|Any CPU.ActiveCfg = Debug|Any CPU
		{C5C43CAF-920B-6798-CF49-46A6DFBF302F}.Debug|Any CPU.Build.0 = Debug|Any CPU
		{C5C43CAF-920B-6798-CF49-46A6DFBF302F}.Release|Any CPU.ActiveCfg = Release|Any CPU
		{C5C43CAF-920B-6798-CF49-46A6DFBF302F}.Release|Any CPU.Build.0 = Release|Any CPU
		{9AEB426D-213C-B172-8C48-1AAC2DDE8571}.Debug|Any CPU.ActiveCfg = Debug|Any CPU
		{9AEB426D-213C-B172-8C48-1AAC2DDE8571}.Debug|Any CPU.Build.0 = Debug|Any CPU
		{9AEB426D-213C-B172-8C48-1AAC2DDE8571}.Release|Any CPU.ActiveCfg = Release|Any CPU
		{9AEB426D-213C-B172-8C48-1AAC2DDE8571}.Release|Any CPU.Build.0 = Release|Any CPU
	EndGlobalSection
	GlobalSection(SolutionProperties) = preSolution
		HideSolutionNode = FALSE
	EndGlobalSection
EndGlobal
